// !$*UTF8*$!
{
	archiveVersion = 1;
	classes = {
	};
	objectVersion = 56;
	objects = {

/* Begin PBXBuildFile section */
		3005EA4829D8F17F00F2CC70 /* CalTodoApp.swift in Sources */ = {isa = PBXBuildFile; fileRef = 3005EA4729D8F17F00F2CC70 /* CalTodoApp.swift */; };
		3005EA4A29D8F17F00F2CC70 /* Persistence.swift in Sources */ = {isa = PBXBuildFile; fileRef = 3005EA4929D8F17F00F2CC70 /* Persistence.swift */; };
		3005EA4D29D8F17F00F2CC70 /* CalTodo.xcdatamodeld in Sources */ = {isa = PBXBuildFile; fileRef = 3005EA4B29D8F17F00F2CC70 /* CalTodo.xcdatamodeld */; };
		3005EA4F29D8F17F00F2CC70 /* ContentView.swift in Sources */ = {isa = PBXBuildFile; fileRef = 3005EA4E29D8F17F00F2CC70 /* ContentView.swift */; };
		3005EA5129D8F18000F2CC70 /* Assets.xcassets in Resources */ = {isa = PBXBuildFile; fileRef = 3005EA5029D8F18000F2CC70 /* Assets.xcassets */; };
		3005EA5529D8F18000F2CC70 /* Preview Assets.xcassets in Resources */ = {isa = PBXBuildFile; fileRef = 3005EA5429D8F18000F2CC70 /* Preview Assets.xcassets */; };
		3005EA5F29D8F18100F2CC70 /* CalTodoTests.swift in Sources */ = {isa = PBXBuildFile; fileRef = 3005EA5E29D8F18100F2CC70 /* CalTodoTests.swift */; };
		3005EA6929D8F18100F2CC70 /* CalTodoUITests.swift in Sources */ = {isa = PBXBuildFile; fileRef = 3005EA6829D8F18100F2CC70 /* CalTodoUITests.swift */; };
		3005EA6B29D8F18100F2CC70 /* CalTodoUITestsLaunchTests.swift in Sources */ = {isa = PBXBuildFile; fileRef = 3005EA6A29D8F18100F2CC70 /* CalTodoUITestsLaunchTests.swift */; };
		300FF0DA29D985B9003D1F70 /* Alarm.swift in Sources */ = {isa = PBXBuildFile; fileRef = 300FF0D929D985B9003D1F70 /* Alarm.swift */; };
		300FF0DC29DA0385003D1F70 /* TodoView.swift in Sources */ = {isa = PBXBuildFile; fileRef = 300FF0DB29DA0385003D1F70 /* TodoView.swift */; };
		300FF0DE29DA039E003D1F70 /* SettingsView.swift in Sources */ = {isa = PBXBuildFile; fileRef = 300FF0DD29DA039E003D1F70 /* SettingsView.swift */; };
		300FF0E029DA03AF003D1F70 /* CalendarView.swift in Sources */ = {isa = PBXBuildFile; fileRef = 300FF0DF29DA03AF003D1F70 /* CalendarView.swift */; };
		300FF0E229DA0B44003D1F70 /* AppDelegate.swift in Sources */ = {isa = PBXBuildFile; fileRef = 300FF0E129DA0B44003D1F70 /* AppDelegate.swift */; };
		300FF0E629DB8D36003D1F70 /* silence_30s.caf in Resources */ = {isa = PBXBuildFile; fileRef = 300FF0E529DB8D36003D1F70 /* silence_30s.caf */; };
/* End PBXBuildFile section */

/* Begin PBXContainerItemProxy section */
		3005EA5B29D8F18100F2CC70 /* PBXContainerItemProxy */ = {
			isa = PBXContainerItemProxy;
			containerPortal = 3005EA3C29D8F17F00F2CC70 /* Project object */;
			proxyType = 1;
			remoteGlobalIDString = 3005EA4329D8F17F00F2CC70;
			remoteInfo = CalTodo;
		};
		3005EA6529D8F18100F2CC70 /* PBXContainerItemProxy */ = {
			isa = PBXContainerItemProxy;
			containerPortal = 3005EA3C29D8F17F00F2CC70 /* Project object */;
			proxyType = 1;
			remoteGlobalIDString = 3005EA4329D8F17F00F2CC70;
			remoteInfo = CalTodo;
		};
/* End PBXContainerItemProxy section */

/* Begin PBXFileReference section */
		3005EA4429D8F17F00F2CC70 /* CalTodo.app */ = {isa = PBXFileReference; explicitFileType = wrapper.application; includeInIndex = 0; path = CalTodo.app; sourceTree = BUILT_PRODUCTS_DIR; };
		3005EA4729D8F17F00F2CC70 /* CalTodoApp.swift */ = {isa = PBXFileReference; lastKnownFileType = sourcecode.swift; path = CalTodoApp.swift; sourceTree = "<group>"; };
		3005EA4929D8F17F00F2CC70 /* Persistence.swift */ = {isa = PBXFileReference; lastKnownFileType = sourcecode.swift; path = Persistence.swift; sourceTree = "<group>"; };
		3005EA4C29D8F17F00F2CC70 /* CalTodo.xcdatamodel */ = {isa = PBXFileReference; lastKnownFileType = wrapper.xcdatamodel; path = CalTodo.xcdatamodel; sourceTree = "<group>"; };
		3005EA4E29D8F17F00F2CC70 /* ContentView.swift */ = {isa = PBXFileReference; lastKnownFileType = sourcecode.swift; path = ContentView.swift; sourceTree = "<group>"; };
		3005EA5029D8F18000F2CC70 /* Assets.xcassets */ = {isa = PBXFileReference; lastKnownFileType = folder.assetcatalog; path = Assets.xcassets; sourceTree = "<group>"; };
		3005EA5229D8F18000F2CC70 /* CalTodo.entitlements */ = {isa = PBXFileReference; lastKnownFileType = text.plist.entitlements; path = CalTodo.entitlements; sourceTree = "<group>"; };
		3005EA5429D8F18000F2CC70 /* Preview Assets.xcassets */ = {isa = PBXFileReference; lastKnownFileType = folder.assetcatalog; path = "Preview Assets.xcassets"; sourceTree = "<group>"; };
		3005EA5A29D8F18100F2CC70 /* CalTodoTests.xctest */ = {isa = PBXFileReference; explicitFileType = wrapper.cfbundle; includeInIndex = 0; path = CalTodoTests.xctest; sourceTree = BUILT_PRODUCTS_DIR; };
		3005EA5E29D8F18100F2CC70 /* CalTodoTests.swift */ = {isa = PBXFileReference; lastKnownFileType = sourcecode.swift; path = CalTodoTests.swift; sourceTree = "<group>"; };
		3005EA6429D8F18100F2CC70 /* CalTodoUITests.xctest */ = {isa = PBXFileReference; explicitFileType = wrapper.cfbundle; includeInIndex = 0; path = CalTodoUITests.xctest; sourceTree = BUILT_PRODUCTS_DIR; };
		3005EA6829D8F18100F2CC70 /* CalTodoUITests.swift */ = {isa = PBXFileReference; lastKnownFileType = sourcecode.swift; path = CalTodoUITests.swift; sourceTree = "<group>"; };
		3005EA6A29D8F18100F2CC70 /* CalTodoUITestsLaunchTests.swift */ = {isa = PBXFileReference; lastKnownFileType = sourcecode.swift; path = CalTodoUITestsLaunchTests.swift; sourceTree = "<group>"; };
		300FF0D929D985B9003D1F70 /* Alarm.swift */ = {isa = PBXFileReference; lastKnownFileType = sourcecode.swift; path = Alarm.swift; sourceTree = "<group>"; };
		300FF0DB29DA0385003D1F70 /* TodoView.swift */ = {isa = PBXFileReference; lastKnownFileType = sourcecode.swift; path = TodoView.swift; sourceTree = "<group>"; };
		300FF0DD29DA039E003D1F70 /* SettingsView.swift */ = {isa = PBXFileReference; lastKnownFileType = sourcecode.swift; path = SettingsView.swift; sourceTree = "<group>"; };
		300FF0DF29DA03AF003D1F70 /* CalendarView.swift */ = {isa = PBXFileReference; lastKnownFileType = sourcecode.swift; path = CalendarView.swift; sourceTree = "<group>"; };
		300FF0E129DA0B44003D1F70 /* AppDelegate.swift */ = {isa = PBXFileReference; lastKnownFileType = sourcecode.swift; path = AppDelegate.swift; sourceTree = "<group>"; };
		300FF0E329DA0EF9003D1F70 /* Info.plist */ = {isa = PBXFileReference; lastKnownFileType = text.plist; path = Info.plist; sourceTree = "<group>"; };
		300FF0E529DB8D36003D1F70 /* silence_30s.caf */ = {isa = PBXFileReference; lastKnownFileType = file; path = silence_30s.caf; sourceTree = SOURCE_ROOT; };
/* End PBXFileReference section */

/* Begin PBXFrameworksBuildPhase section */
		3005EA4129D8F17F00F2CC70 /* Frameworks */ = {
			isa = PBXFrameworksBuildPhase;
			buildActionMask = 2147483647;
			files = (
			);
			runOnlyForDeploymentPostprocessing = 0;
		};
		3005EA5729D8F18100F2CC70 /* Frameworks */ = {
			isa = PBXFrameworksBuildPhase;
			buildActionMask = 2147483647;
			files = (
			);
			runOnlyForDeploymentPostprocessing = 0;
		};
		3005EA6129D8F18100F2CC70 /* Frameworks */ = {
			isa = PBXFrameworksBuildPhase;
			buildActionMask = 2147483647;
			files = (
			);
			runOnlyForDeploymentPostprocessing = 0;
		};
/* End PBXFrameworksBuildPhase section */

/* Begin PBXGroup section */
		3005EA3B29D8F17F00F2CC70 = {
			isa = PBXGroup;
			children = (
				3005EA4629D8F17F00F2CC70 /* CalTodo */,
				3005EA5D29D8F18100F2CC70 /* CalTodoTests */,
				3005EA6729D8F18100F2CC70 /* CalTodoUITests */,
				3005EA4529D8F17F00F2CC70 /* Products */,
			);
			sourceTree = "<group>";
		};
		3005EA4529D8F17F00F2CC70 /* Products */ = {
			isa = PBXGroup;
			children = (
				3005EA4429D8F17F00F2CC70 /* CalTodo.app */,
				3005EA5A29D8F18100F2CC70 /* CalTodoTests.xctest */,
				3005EA6429D8F18100F2CC70 /* CalTodoUITests.xctest */,
			);
			name = Products;
			sourceTree = "<group>";
		};
		3005EA4629D8F17F00F2CC70 /* CalTodo */ = {
			isa = PBXGroup;
			children = (
				300FF0E429DB8D0A003D1F70 /* resources */,
				300FF0E329DA0EF9003D1F70 /* Info.plist */,
				300FF0D629D98435003D1F70 /* modules */,
				300FF0D529D98427003D1F70 /* ui */,
				3005EA4729D8F17F00F2CC70 /* CalTodoApp.swift */,
				3005EA5029D8F18000F2CC70 /* Assets.xcassets */,
				3005EA5229D8F18000F2CC70 /* CalTodo.entitlements */,
				3005EA4B29D8F17F00F2CC70 /* CalTodo.xcdatamodeld */,
				3005EA5329D8F18000F2CC70 /* Preview Content */,
				300FF0E129DA0B44003D1F70 /* AppDelegate.swift */,
			);
			path = CalTodo;
			sourceTree = "<group>";
		};
		3005EA5329D8F18000F2CC70 /* Preview Content */ = {
			isa = PBXGroup;
			children = (
				3005EA5429D8F18000F2CC70 /* Preview Assets.xcassets */,
			);
			path = "Preview Content";
			sourceTree = "<group>";
		};
		3005EA5D29D8F18100F2CC70 /* CalTodoTests */ = {
			isa = PBXGroup;
			children = (
				3005EA5E29D8F18100F2CC70 /* CalTodoTests.swift */,
			);
			path = CalTodoTests;
			sourceTree = "<group>";
		};
		3005EA6729D8F18100F2CC70 /* CalTodoUITests */ = {
			isa = PBXGroup;
			children = (
				3005EA6829D8F18100F2CC70 /* CalTodoUITests.swift */,
				3005EA6A29D8F18100F2CC70 /* CalTodoUITestsLaunchTests.swift */,
			);
			path = CalTodoUITests;
			sourceTree = "<group>";
		};
		300FF0D529D98427003D1F70 /* ui */ = {
			isa = PBXGroup;
			children = (
				3005EA4E29D8F17F00F2CC70 /* ContentView.swift */,
				300FF0DB29DA0385003D1F70 /* TodoView.swift */,
				300FF0DD29DA039E003D1F70 /* SettingsView.swift */,
				300FF0DF29DA03AF003D1F70 /* CalendarView.swift */,
			);
			path = ui;
			sourceTree = "<group>";
		};
		300FF0D629D98435003D1F70 /* modules */ = {
			isa = PBXGroup;
			children = (
				300FF0D829D9859F003D1F70 /* alarm */,
				300FF0D729D98592003D1F70 /* persistence */,
			);
			path = modules;
			sourceTree = "<group>";
		};
		300FF0D729D98592003D1F70 /* persistence */ = {
			isa = PBXGroup;
			children = (
				3005EA4929D8F17F00F2CC70 /* Persistence.swift */,
			);
			path = persistence;
			sourceTree = "<group>";
		};
		300FF0D829D9859F003D1F70 /* alarm */ = {
			isa = PBXGroup;
			children = (
				300FF0D929D985B9003D1F70 /* Alarm.swift */,
			);
			path = alarm;
			sourceTree = "<group>";
		};
		300FF0E429DB8D0A003D1F70 /* resources */ = {
			isa = PBXGroup;
			children = (
				300FF0E529DB8D36003D1F70 /* silence_30s.caf */,
			);
			path = resources;
			sourceTree = "<group>";
		};
/* End PBXGroup section */

/* Begin PBXNativeTarget section */
		3005EA4329D8F17F00F2CC70 /* CalTodo */ = {
			isa = PBXNativeTarget;
			buildConfigurationList = 3005EA6E29D8F18100F2CC70 /* Build configuration list for PBXNativeTarget "CalTodo" */;
			buildPhases = (
				3005EA4029D8F17F00F2CC70 /* Sources */,
				3005EA4129D8F17F00F2CC70 /* Frameworks */,
				3005EA4229D8F17F00F2CC70 /* Resources */,
			);
			buildRules = (
			);
			dependencies = (
			);
			name = CalTodo;
			productName = CalTodo;
			productReference = 3005EA4429D8F17F00F2CC70 /* CalTodo.app */;
			productType = "com.apple.product-type.application";
		};
		3005EA5929D8F18100F2CC70 /* CalTodoTests */ = {
			isa = PBXNativeTarget;
			buildConfigurationList = 3005EA7129D8F18100F2CC70 /* Build configuration list for PBXNativeTarget "CalTodoTests" */;
			buildPhases = (
				3005EA5629D8F18100F2CC70 /* Sources */,
				3005EA5729D8F18100F2CC70 /* Frameworks */,
				3005EA5829D8F18100F2CC70 /* Resources */,
			);
			buildRules = (
			);
			dependencies = (
				3005EA5C29D8F18100F2CC70 /* PBXTargetDependency */,
			);
			name = CalTodoTests;
			productName = CalTodoTests;
			productReference = 3005EA5A29D8F18100F2CC70 /* CalTodoTests.xctest */;
			productType = "com.apple.product-type.bundle.unit-test";
		};
		3005EA6329D8F18100F2CC70 /* CalTodoUITests */ = {
			isa = PBXNativeTarget;
			buildConfigurationList = 3005EA7429D8F18100F2CC70 /* Build configuration list for PBXNativeTarget "CalTodoUITests" */;
			buildPhases = (
				3005EA6029D8F18100F2CC70 /* Sources */,
				3005EA6129D8F18100F2CC70 /* Frameworks */,
				3005EA6229D8F18100F2CC70 /* Resources */,
			);
			buildRules = (
			);
			dependencies = (
				3005EA6629D8F18100F2CC70 /* PBXTargetDependency */,
			);
			name = CalTodoUITests;
			productName = CalTodoUITests;
			productReference = 3005EA6429D8F18100F2CC70 /* CalTodoUITests.xctest */;
			productType = "com.apple.product-type.bundle.ui-testing";
		};
/* End PBXNativeTarget section */

/* Begin PBXProject section */
		3005EA3C29D8F17F00F2CC70 /* Project object */ = {
			isa = PBXProject;
			attributes = {
				BuildIndependentTargetsInParallel = 1;
				LastSwiftUpdateCheck = 1400;
				LastUpgradeCheck = 1400;
				TargetAttributes = {
					3005EA4329D8F17F00F2CC70 = {
						CreatedOnToolsVersion = 14.0.1;
					};
					3005EA5929D8F18100F2CC70 = {
						CreatedOnToolsVersion = 14.0.1;
						TestTargetID = 3005EA4329D8F17F00F2CC70;
					};
					3005EA6329D8F18100F2CC70 = {
						CreatedOnToolsVersion = 14.0.1;
						TestTargetID = 3005EA4329D8F17F00F2CC70;
					};
				};
			};
			buildConfigurationList = 3005EA3F29D8F17F00F2CC70 /* Build configuration list for PBXProject "CalTodo" */;
			compatibilityVersion = "Xcode 14.0";
			developmentRegion = en;
			hasScannedForEncodings = 0;
			knownRegions = (
				en,
				Base,
			);
			mainGroup = 3005EA3B29D8F17F00F2CC70;
			productRefGroup = 3005EA4529D8F17F00F2CC70 /* Products */;
			projectDirPath = "";
			projectRoot = "";
			targets = (
				3005EA4329D8F17F00F2CC70 /* CalTodo */,
				3005EA5929D8F18100F2CC70 /* CalTodoTests */,
				3005EA6329D8F18100F2CC70 /* CalTodoUITests */,
			);
		};
/* End PBXProject section */

/* Begin PBXResourcesBuildPhase section */
		3005EA4229D8F17F00F2CC70 /* Resources */ = {
			isa = PBXResourcesBuildPhase;
			buildActionMask = 2147483647;
			files = (
				3005EA5529D8F18000F2CC70 /* Preview Assets.xcassets in Resources */,
				300FF0E629DB8D36003D1F70 /* silence_30s.caf in Resources */,
				3005EA5129D8F18000F2CC70 /* Assets.xcassets in Resources */,
			);
			runOnlyForDeploymentPostprocessing = 0;
		};
		3005EA5829D8F18100F2CC70 /* Resources */ = {
			isa = PBXResourcesBuildPhase;
			buildActionMask = 2147483647;
			files = (
			);
			runOnlyForDeploymentPostprocessing = 0;
		};
		3005EA6229D8F18100F2CC70 /* Resources */ = {
			isa = PBXResourcesBuildPhase;
			buildActionMask = 2147483647;
			files = (
			);
			runOnlyForDeploymentPostprocessing = 0;
		};
/* End PBXResourcesBuildPhase section */

/* Begin PBXSourcesBuildPhase section */
		3005EA4029D8F17F00F2CC70 /* Sources */ = {
			isa = PBXSourcesBuildPhase;
			buildActionMask = 2147483647;
			files = (
				300FF0DE29DA039E003D1F70 /* SettingsView.swift in Sources */,
				300FF0DC29DA0385003D1F70 /* TodoView.swift in Sources */,
				300FF0E029DA03AF003D1F70 /* CalendarView.swift in Sources */,
				300FF0E229DA0B44003D1F70 /* AppDelegate.swift in Sources */,
				3005EA4829D8F17F00F2CC70 /* CalTodoApp.swift in Sources */,
				3005EA4A29D8F17F00F2CC70 /* Persistence.swift in Sources */,
				300FF0DA29D985B9003D1F70 /* Alarm.swift in Sources */,
				3005EA4F29D8F17F00F2CC70 /* ContentView.swift in Sources */,
				3005EA4D29D8F17F00F2CC70 /* CalTodo.xcdatamodeld in Sources */,
			);
			runOnlyForDeploymentPostprocessing = 0;
		};
		3005EA5629D8F18100F2CC70 /* Sources */ = {
			isa = PBXSourcesBuildPhase;
			buildActionMask = 2147483647;
			files = (
				3005EA5F29D8F18100F2CC70 /* CalTodoTests.swift in Sources */,
			);
			runOnlyForDeploymentPostprocessing = 0;
		};
		3005EA6029D8F18100F2CC70 /* Sources */ = {
			isa = PBXSourcesBuildPhase;
			buildActionMask = 2147483647;
			files = (
				3005EA6929D8F18100F2CC70 /* CalTodoUITests.swift in Sources */,
				3005EA6B29D8F18100F2CC70 /* CalTodoUITestsLaunchTests.swift in Sources */,
			);
			runOnlyForDeploymentPostprocessing = 0;
		};
/* End PBXSourcesBuildPhase section */

/* Begin PBXTargetDependency section */
		3005EA5C29D8F18100F2CC70 /* PBXTargetDependency */ = {
			isa = PBXTargetDependency;
			target = 3005EA4329D8F17F00F2CC70 /* CalTodo */;
			targetProxy = 3005EA5B29D8F18100F2CC70 /* PBXContainerItemProxy */;
		};
		3005EA6629D8F18100F2CC70 /* PBXTargetDependency */ = {
			isa = PBXTargetDependency;
			target = 3005EA4329D8F17F00F2CC70 /* CalTodo */;
			targetProxy = 3005EA6529D8F18100F2CC70 /* PBXContainerItemProxy */;
		};
/* End PBXTargetDependency section */

/* Begin XCBuildConfiguration section */
		3005EA6C29D8F18100F2CC70 /* Debug */ = {
			isa = XCBuildConfiguration;
			buildSettings = {
				ALWAYS_SEARCH_USER_PATHS = NO;
				CLANG_ANALYZER_NONNULL = YES;
				CLANG_ANALYZER_NUMBER_OBJECT_CONVERSION = YES_AGGRESSIVE;
				CLANG_CXX_LANGUAGE_STANDARD = "gnu++20";
				CLANG_ENABLE_MODULES = YES;
				CLANG_ENABLE_OBJC_ARC = YES;
				CLANG_ENABLE_OBJC_WEAK = YES;
				CLANG_WARN_BLOCK_CAPTURE_AUTORELEASING = YES;
				CLANG_WARN_BOOL_CONVERSION = YES;
				CLANG_WARN_COMMA = YES;
				CLANG_WARN_CONSTANT_CONVERSION = YES;
				CLANG_WARN_DEPRECATED_OBJC_IMPLEMENTATIONS = YES;
				CLANG_WARN_DIRECT_OBJC_ISA_USAGE = YES_ERROR;
				CLANG_WARN_DOCUMENTATION_COMMENTS = YES;
				CLANG_WARN_EMPTY_BODY = YES;
				CLANG_WARN_ENUM_CONVERSION = YES;
				CLANG_WARN_INFINITE_RECURSION = YES;
				CLANG_WARN_INT_CONVERSION = YES;
				CLANG_WARN_NON_LITERAL_NULL_CONVERSION = YES;
				CLANG_WARN_OBJC_IMPLICIT_RETAIN_SELF = YES;
				CLANG_WARN_OBJC_LITERAL_CONVERSION = YES;
				CLANG_WARN_OBJC_ROOT_CLASS = YES_ERROR;
				CLANG_WARN_QUOTED_INCLUDE_IN_FRAMEWORK_HEADER = YES;
				CLANG_WARN_RANGE_LOOP_ANALYSIS = YES;
				CLANG_WARN_STRICT_PROTOTYPES = YES;
				CLANG_WARN_SUSPICIOUS_MOVE = YES;
				CLANG_WARN_UNGUARDED_AVAILABILITY = YES_AGGRESSIVE;
				CLANG_WARN_UNREACHABLE_CODE = YES;
				CLANG_WARN__DUPLICATE_METHOD_MATCH = YES;
				COPY_PHASE_STRIP = NO;
				DEBUG_INFORMATION_FORMAT = dwarf;
				ENABLE_STRICT_OBJC_MSGSEND = YES;
				ENABLE_TESTABILITY = YES;
				GCC_C_LANGUAGE_STANDARD = gnu11;
				GCC_DYNAMIC_NO_PIC = NO;
				GCC_NO_COMMON_BLOCKS = YES;
				GCC_OPTIMIZATION_LEVEL = 0;
				GCC_PREPROCESSOR_DEFINITIONS = (
					"DEBUG=1",
					"$(inherited)",
				);
				GCC_WARN_64_TO_32_BIT_CONVERSION = YES;
				GCC_WARN_ABOUT_RETURN_TYPE = YES_ERROR;
				GCC_WARN_UNDECLARED_SELECTOR = YES;
				GCC_WARN_UNINITIALIZED_AUTOS = YES_AGGRESSIVE;
				GCC_WARN_UNUSED_FUNCTION = YES;
				GCC_WARN_UNUSED_VARIABLE = YES;
				MTL_ENABLE_DEBUG_INFO = INCLUDE_SOURCE;
				MTL_FAST_MATH = YES;
				ONLY_ACTIVE_ARCH = YES;
				SWIFT_ACTIVE_COMPILATION_CONDITIONS = DEBUG;
				SWIFT_OPTIMIZATION_LEVEL = "-Onone";
			};
			name = Debug;
		};
		3005EA6D29D8F18100F2CC70 /* Release */ = {
			isa = XCBuildConfiguration;
			buildSettings = {
				ALWAYS_SEARCH_USER_PATHS = NO;
				CLANG_ANALYZER_NONNULL = YES;
				CLANG_ANALYZER_NUMBER_OBJECT_CONVERSION = YES_AGGRESSIVE;
				CLANG_CXX_LANGUAGE_STANDARD = "gnu++20";
				CLANG_ENABLE_MODULES = YES;
				CLANG_ENABLE_OBJC_ARC = YES;
				CLANG_ENABLE_OBJC_WEAK = YES;
				CLANG_WARN_BLOCK_CAPTURE_AUTORELEASING = YES;
				CLANG_WARN_BOOL_CONVERSION = YES;
				CLANG_WARN_COMMA = YES;
				CLANG_WARN_CONSTANT_CONVERSION = YES;
				CLANG_WARN_DEPRECATED_OBJC_IMPLEMENTATIONS = YES;
				CLANG_WARN_DIRECT_OBJC_ISA_USAGE = YES_ERROR;
				CLANG_WARN_DOCUMENTATION_COMMENTS = YES;
				CLANG_WARN_EMPTY_BODY = YES;
				CLANG_WARN_ENUM_CONVERSION = YES;
				CLANG_WARN_INFINITE_RECURSION = YES;
				CLANG_WARN_INT_CONVERSION = YES;
				CLANG_WARN_NON_LITERAL_NULL_CONVERSION = YES;
				CLANG_WARN_OBJC_IMPLICIT_RETAIN_SELF = YES;
				CLANG_WARN_OBJC_LITERAL_CONVERSION = YES;
				CLANG_WARN_OBJC_ROOT_CLASS = YES_ERROR;
				CLANG_WARN_QUOTED_INCLUDE_IN_FRAMEWORK_HEADER = YES;
				CLANG_WARN_RANGE_LOOP_ANALYSIS = YES;
				CLANG_WARN_STRICT_PROTOTYPES = YES;
				CLANG_WARN_SUSPICIOUS_MOVE = YES;
				CLANG_WARN_UNGUARDED_AVAILABILITY = YES_AGGRESSIVE;
				CLANG_WARN_UNREACHABLE_CODE = YES;
				CLANG_WARN__DUPLICATE_METHOD_MATCH = YES;
				COPY_PHASE_STRIP = NO;
				DEBUG_INFORMATION_FORMAT = "dwarf-with-dsym";
				ENABLE_NS_ASSERTIONS = NO;
				ENABLE_STRICT_OBJC_MSGSEND = YES;
				GCC_C_LANGUAGE_STANDARD = gnu11;
				GCC_NO_COMMON_BLOCKS = YES;
				GCC_WARN_64_TO_32_BIT_CONVERSION = YES;
				GCC_WARN_ABOUT_RETURN_TYPE = YES_ERROR;
				GCC_WARN_UNDECLARED_SELECTOR = YES;
				GCC_WARN_UNINITIALIZED_AUTOS = YES_AGGRESSIVE;
				GCC_WARN_UNUSED_FUNCTION = YES;
				GCC_WARN_UNUSED_VARIABLE = YES;
				MTL_ENABLE_DEBUG_INFO = NO;
				MTL_FAST_MATH = YES;
				SWIFT_COMPILATION_MODE = wholemodule;
				SWIFT_OPTIMIZATION_LEVEL = "-O";
			};
			name = Release;
		};
		3005EA6F29D8F18100F2CC70 /* Debug */ = {
			isa = XCBuildConfiguration;
			buildSettings = {
				ASSETCATALOG_COMPILER_APPICON_NAME = AppIcon;
				ASSETCATALOG_COMPILER_GLOBAL_ACCENT_COLOR_NAME = AccentColor;
				CODE_SIGN_ENTITLEMENTS = CalTodo/CalTodo.entitlements;
				CODE_SIGN_STYLE = Automatic;
				CURRENT_PROJECT_VERSION = 1;
				DEVELOPMENT_ASSET_PATHS = "\"CalTodo/Preview Content\"";
				DEVELOPMENT_TEAM = MT8GVH9FL2;
				ENABLE_HARDENED_RUNTIME = YES;
				ENABLE_PREVIEWS = YES;
				GENERATE_INFOPLIST_FILE = YES;
				INFOPLIST_FILE = CalTodo/Info.plist;
				"INFOPLIST_KEY_UIApplicationSceneManifest_Generation[sdk=iphoneos*]" = YES;
				"INFOPLIST_KEY_UIApplicationSceneManifest_Generation[sdk=iphonesimulator*]" = YES;
				"INFOPLIST_KEY_UIApplicationSupportsIndirectInputEvents[sdk=iphoneos*]" = YES;
				"INFOPLIST_KEY_UIApplicationSupportsIndirectInputEvents[sdk=iphonesimulator*]" = YES;
				"INFOPLIST_KEY_UILaunchScreen_Generation[sdk=iphoneos*]" = YES;
				"INFOPLIST_KEY_UILaunchScreen_Generation[sdk=iphonesimulator*]" = YES;
				"INFOPLIST_KEY_UIStatusBarStyle[sdk=iphoneos*]" = UIStatusBarStyleDefault;
				"INFOPLIST_KEY_UIStatusBarStyle[sdk=iphonesimulator*]" = UIStatusBarStyleDefault;
				INFOPLIST_KEY_UISupportedInterfaceOrientations_iPad = "UIInterfaceOrientationPortrait UIInterfaceOrientationPortraitUpsideDown UIInterfaceOrientationLandscapeLeft UIInterfaceOrientationLandscapeRight";
				INFOPLIST_KEY_UISupportedInterfaceOrientations_iPhone = "UIInterfaceOrientationPortrait UIInterfaceOrientationLandscapeLeft UIInterfaceOrientationLandscapeRight";
				IPHONEOS_DEPLOYMENT_TARGET = 16.0;
				LD_RUNPATH_SEARCH_PATHS = "@executable_path/Frameworks";
				"LD_RUNPATH_SEARCH_PATHS[sdk=macosx*]" = "@executable_path/../Frameworks";
				MACOSX_DEPLOYMENT_TARGET = 12.3;
				MARKETING_VERSION = 1.0;
				PRODUCT_BUNDLE_IDENTIFIER = com.ayroblu.CalTodo;
				PRODUCT_NAME = "$(TARGET_NAME)";
				SDKROOT = auto;
				SUPPORTED_PLATFORMS = "iphoneos iphonesimulator macosx";
				SWIFT_EMIT_LOC_STRINGS = YES;
				SWIFT_VERSION = 5.0;
				TARGETED_DEVICE_FAMILY = "1,2";
			};
			name = Debug;
		};
		3005EA7029D8F18100F2CC70 /* Release */ = {
			isa = XCBuildConfiguration;
			buildSettings = {
				ASSETCATALOG_COMPILER_APPICON_NAME = AppIcon;
				ASSETCATALOG_COMPILER_GLOBAL_ACCENT_COLOR_NAME = AccentColor;
				CODE_SIGN_ENTITLEMENTS = CalTodo/CalTodo.entitlements;
				CODE_SIGN_STYLE = Automatic;
				CURRENT_PROJECT_VERSION = 1;
				DEVELOPMENT_ASSET_PATHS = "\"CalTodo/Preview Content\"";
				DEVELOPMENT_TEAM = MT8GVH9FL2;
				ENABLE_HARDENED_RUNTIME = YES;
				ENABLE_PREVIEWS = YES;
				GENERATE_INFOPLIST_FILE = YES;
				INFOPLIST_FILE = CalTodo/Info.plist;
				"INFOPLIST_KEY_UIApplicationSceneManifest_Generation[sdk=iphoneos*]" = YES;
				"INFOPLIST_KEY_UIApplicationSceneManifest_Generation[sdk=iphonesimulator*]" = YES;
				"INFOPLIST_KEY_UIApplicationSupportsIndirectInputEvents[sdk=iphoneos*]" = YES;
				"INFOPLIST_KEY_UIApplicationSupportsIndirectInputEvents[sdk=iphonesimulator*]" = YES;
				"INFOPLIST_KEY_UILaunchScreen_Generation[sdk=iphoneos*]" = YES;
				"INFOPLIST_KEY_UILaunchScreen_Generation[sdk=iphonesimulator*]" = YES;
				"INFOPLIST_KEY_UIStatusBarStyle[sdk=iphoneos*]" = UIStatusBarStyleDefault;
				"INFOPLIST_KEY_UIStatusBarStyle[sdk=iphonesimulator*]" = UIStatusBarStyleDefault;
				INFOPLIST_KEY_UISupportedInterfaceOrientations_iPad = "UIInterfaceOrientationPortrait UIInterfaceOrientationPortraitUpsideDown UIInterfaceOrientationLandscapeLeft UIInterfaceOrientationLandscapeRight";
				INFOPLIST_KEY_UISupportedInterfaceOrientations_iPhone = "UIInterfaceOrientationPortrait UIInterfaceOrientationLandscapeLeft UIInterfaceOrientationLandscapeRight";
				IPHONEOS_DEPLOYMENT_TARGET = 16.0;
				LD_RUNPATH_SEARCH_PATHS = "@executable_path/Frameworks";
				"LD_RUNPATH_SEARCH_PATHS[sdk=macosx*]" = "@executable_path/../Frameworks";
				MACOSX_DEPLOYMENT_TARGET = 12.3;
				MARKETING_VERSION = 1.0;
				PRODUCT_BUNDLE_IDENTIFIER = com.ayroblu.CalTodo;
				PRODUCT_NAME = "$(TARGET_NAME)";
				SDKROOT = auto;
				SUPPORTED_PLATFORMS = "iphoneos iphonesimulator macosx";
				SWIFT_EMIT_LOC_STRINGS = YES;
				SWIFT_VERSION = 5.0;
				TARGETED_DEVICE_FAMILY = "1,2";
			};
			name = Release;
		};
		3005EA7229D8F18100F2CC70 /* Debug */ = {
			isa = XCBuildConfiguration;
			buildSettings = {
				ALWAYS_EMBED_SWIFT_STANDARD_LIBRARIES = YES;
				BUNDLE_LOADER = "$(TEST_HOST)";
				CODE_SIGN_STYLE = Automatic;
				CURRENT_PROJECT_VERSION = 1;
				DEVELOPMENT_TEAM = MT8GVH9FL2;
				GENERATE_INFOPLIST_FILE = YES;
				IPHONEOS_DEPLOYMENT_TARGET = 16.0;
				MACOSX_DEPLOYMENT_TARGET = 12.3;
				MARKETING_VERSION = 1.0;
				PRODUCT_BUNDLE_IDENTIFIER = com.ayroblu.CalTodoTests;
				PRODUCT_NAME = "$(TARGET_NAME)";
				SDKROOT = auto;
				SUPPORTED_PLATFORMS = "iphoneos iphonesimulator macosx";
				SWIFT_EMIT_LOC_STRINGS = NO;
				SWIFT_VERSION = 5.0;
				TARGETED_DEVICE_FAMILY = "1,2";
				TEST_HOST = "$(BUILT_PRODUCTS_DIR)/CalTodo.app/$(BUNDLE_EXECUTABLE_FOLDER_PATH)/CalTodo";
			};
			name = Debug;
		};
		3005EA7329D8F18100F2CC70 /* Release */ = {
			isa = XCBuildConfiguration;
			buildSettings = {
				ALWAYS_EMBED_SWIFT_STANDARD_LIBRARIES = YES;
				BUNDLE_LOADER = "$(TEST_HOST)";
				CODE_SIGN_STYLE = Automatic;
				CURRENT_PROJECT_VERSION = 1;
				DEVELOPMENT_TEAM = MT8GVH9FL2;
				GENERATE_INFOPLIST_FILE = YES;
				IPHONEOS_DEPLOYMENT_TARGET = 16.0;
				MACOSX_DEPLOYMENT_TARGET = 12.3;
				MARKETING_VERSION = 1.0;
				PRODUCT_BUNDLE_IDENTIFIER = com.ayroblu.CalTodoTests;
				PRODUCT_NAME = "$(TARGET_NAME)";
				SDKROOT = auto;
				SUPPORTED_PLATFORMS = "iphoneos iphonesimulator macosx";
				SWIFT_EMIT_LOC_STRINGS = NO;
				SWIFT_VERSION = 5.0;
				TARGETED_DEVICE_FAMILY = "1,2";
				TEST_HOST = "$(BUILT_PRODUCTS_DIR)/CalTodo.app/$(BUNDLE_EXECUTABLE_FOLDER_PATH)/CalTodo";
			};
			name = Release;
		};
		3005EA7529D8F18100F2CC70 /* Debug */ = {
			isa = XCBuildConfiguration;
			buildSettings = {
				ALWAYS_EMBED_SWIFT_STANDARD_LIBRARIES = YES;
				CODE_SIGN_STYLE = Automatic;
				CURRENT_PROJECT_VERSION = 1;
				DEVELOPMENT_TEAM = MT8GVH9FL2;
				GENERATE_INFOPLIST_FILE = YES;
				IPHONEOS_DEPLOYMENT_TARGET = 16.0;
				MACOSX_DEPLOYMENT_TARGET = 12.3;
				MARKETING_VERSION = 1.0;
				PRODUCT_BUNDLE_IDENTIFIER = com.ayroblu.CalTodoUITests;
				PRODUCT_NAME = "$(TARGET_NAME)";
				SDKROOT = auto;
				SUPPORTED_PLATFORMS = "iphoneos iphonesimulator macosx";
				SWIFT_EMIT_LOC_STRINGS = NO;
				SWIFT_VERSION = 5.0;
				TARGETED_DEVICE_FAMILY = "1,2";
				TEST_TARGET_NAME = CalTodo;
			};
			name = Debug;
		};
		3005EA7629D8F18100F2CC70 /* Release */ = {
			isa = XCBuildConfiguration;
			buildSettings = {
				ALWAYS_EMBED_SWIFT_STANDARD_LIBRARIES = YES;
				CODE_SIGN_STYLE = Automatic;
				CURRENT_PROJECT_VERSION = 1;
				DEVELOPMENT_TEAM = MT8GVH9FL2;
				GENERATE_INFOPLIST_FILE = YES;
				IPHONEOS_DEPLOYMENT_TARGET = 16.0;
				MACOSX_DEPLOYMENT_TARGET = 12.3;
				MARKETING_VERSION = 1.0;
				PRODUCT_BUNDLE_IDENTIFIER = com.ayroblu.CalTodoUITests;
				PRODUCT_NAME = "$(TARGET_NAME)";
				SDKROOT = auto;
				SUPPORTED_PLATFORMS = "iphoneos iphonesimulator macosx";
				SWIFT_EMIT_LOC_STRINGS = NO;
				SWIFT_VERSION = 5.0;
				TARGETED_DEVICE_FAMILY = "1,2";
				TEST_TARGET_NAME = CalTodo;
			};
			name = Release;
		};
/* End XCBuildConfiguration section */

/* Begin XCConfigurationList section */
		3005EA3F29D8F17F00F2CC70 /* Build configuration list for PBXProject "CalTodo" */ = {
			isa = XCConfigurationList;
			buildConfigurations = (
				3005EA6C29D8F18100F2CC70 /* Debug */,
				3005EA6D29D8F18100F2CC70 /* Release */,
			);
			defaultConfigurationIsVisible = 0;
			defaultConfigurationName = Release;
		};
		3005EA6E29D8F18100F2CC70 /* Build configuration list for PBXNativeTarget "CalTodo" */ = {
			isa = XCConfigurationList;
			buildConfigurations = (
				3005EA6F29D8F18100F2CC70 /* Debug */,
				3005EA7029D8F18100F2CC70 /* Release */,
			);
			defaultConfigurationIsVisible = 0;
			defaultConfigurationName = Release;
		};
		3005EA7129D8F18100F2CC70 /* Build configuration list for PBXNativeTarget "CalTodoTests" */ = {
			isa = XCConfigurationList;
			buildConfigurations = (
				3005EA7229D8F18100F2CC70 /* Debug */,
				3005EA7329D8F18100F2CC70 /* Release */,
			);
			defaultConfigurationIsVisible = 0;
			defaultConfigurationName = Release;
		};
		3005EA7429D8F18100F2CC70 /* Build configuration list for PBXNativeTarget "CalTodoUITests" */ = {
			isa = XCConfigurationList;
			buildConfigurations = (
				3005EA7529D8F18100F2CC70 /* Debug */,
				3005EA7629D8F18100F2CC70 /* Release */,
			);
			defaultConfigurationIsVisible = 0;
			defaultConfigurationName = Release;
		};
/* End XCConfigurationList section */

/* Begin XCVersionGroup section */
		3005EA4B29D8F17F00F2CC70 /* CalTodo.xcdatamodeld */ = {
			isa = XCVersionGroup;
			children = (
				3005EA4C29D8F17F00F2CC70 /* CalTodo.xcdatamodel */,
			);
			currentVersion = 3005EA4C29D8F17F00F2CC70 /* CalTodo.xcdatamodel */;
			path = CalTodo.xcdatamodeld;
			sourceTree = "<group>";
			versionGroupType = wrapper.xcdatamodel;
		};
/* End XCVersionGroup section */
	};
	rootObject = 3005EA3C29D8F17F00F2CC70 /* Project object */;
}
